
Microsoft Visual Studio Solution File, Format Version 12.00
# Visual Studio Version 17
VisualStudioVersion = 17.8.34330.188
MinimumVisualStudioVersion = 10.0.40219.1
Project("{FAE04EC0-301F-11D3-BF4B-00C04F79EFBC}") = "ImportarPlanilhaExcelProjeto", "ImportarPlanilhaExcelProjeto\ImportarPlanilhaExcelProjeto.csproj", "{0FF8BF2C-A2C1-43ED-B440-61785C789FCE}"
EndProject
Global
	GlobalSection(SolutionConfigurationPlatforms) = preSolution
		Debug|Any CPU = Debug|Any CPU
		Release|Any CPU = Release|Any CPU
	EndGlobalSection
	GlobalSection(ProjectConfigurationPlatforms) = postSolution
		{0FF8BF2C-A2C1-43ED-B440-61785C789FCE}.Debug|Any CPU.ActiveCfg = Debug|Any CPU
		{0FF8BF2C-A2C1-43ED-B440-61785C789FCE}.Debug|Any CPU.Build.0 = Debug|Any CPU
		{0FF8BF2C-A2C1-43ED-B440-61785C789FCE}.Release|Any CPU.ActiveCfg = Release|Any CPU
		{0FF8BF2C-A2C1-43ED-B440-61785C789FCE}.Release|Any CPU.Build.0 = Release|Any CPU
	EndGlobalSection
	GlobalSection(SolutionProperties) = preSolution
		HideSolutionNode = FALSE
	EndGlobalSection
	GlobalSection(ExtensibilityGlobals) = postSolution
		SolutionGuid = {E7B8901D-6059-4BA5-8769-3A3B6DED5305}
	EndGlobalSection
EndGlobal
